# THIS IS AN AUTOGENERATED FILE. DO NOT EDIT THIS FILE DIRECTLY.
# yarn lockfile v1


"@types/mime-types@^2.1.0":
  version "2.1.0"
  resolved "https://registry.npm.taobao.org/@types/mime-types/download/@types/mime-types-2.1.0.tgz#9ca52cda363f699c69466c2a6ccdaad913ea7a73"
  integrity sha1-nKUs2jY/aZxpRmwqbM2q2RPqenM=

agent-base@5:
  version "5.1.1"
  resolved "https://registry.npm.taobao.org/agent-base/download/agent-base-5.1.1.tgz#e8fb3f242959db44d63be665db7a8e739537a32c"
  integrity sha1-6Ps/JClZ20TWO+Zl23qOc5U3oyw=

ansi-regex@^2.0.0:
  version "2.1.1"
  resolved "https://registry.npm.taobao.org/ansi-regex/download/ansi-regex-2.1.1.tgz#c3b33ab5ee360d86e0e628f0468ae7ef27d654df"
  integrity sha1-w7M6te42DYbg5ijwRorn7yfWVN8=

ansi-regex@^3.0.0:
  version "3.0.0"
  resolved "https://registry.npm.taobao.org/ansi-regex/download/ansi-regex-3.0.0.tgz#ed0317c322064f79466c02966bddb605ab37d998"
  integrity sha1-7QMXwyIGT3lGbAKWa922Bas32Zg=

aproba@^1.0.3:
  version "1.2.0"
  resolved "https://registry.npm.taobao.org/aproba/download/aproba-1.2.0.tgz#6802e6264efd18c790a1b0d517f0f2627bf2c94a"
  integrity sha1-aALmJk79GMeQobDVF/DyYnvyyUo=

are-we-there-yet@~1.1.2:
  version "1.1.5"
  resolved "https://registry.npm.taobao.org/are-we-there-yet/download/are-we-there-yet-1.1.5.tgz#4b35c2944f062a8bfcda66410760350fe9ddfc21"
  integrity sha1-SzXClE8GKov82mZBB2A1D+nd/CE=
  dependencies:
    delegates "^1.0.0"
    readable-stream "^2.0.6"

async-limiter@~1.0.0:
  version "1.0.1"
  resolved "https://registry.npm.taobao.org/async-limiter/download/async-limiter-1.0.1.tgz?cache=0&sync_timestamp=1574272018408&other_urls=https%3A%2F%2Fregistry.npm.taobao.org%2Fasync-limiter%2Fdownload%2Fasync-limiter-1.0.1.tgz#dd379e94f0db8310b08291f9d64c3209766617fd"
  integrity sha1-3TeelPDbgxCwgpH51kwyCXZmF/0=

balanced-match@^1.0.0:
  version "1.0.0"
  resolved "https://registry.npm.taobao.org/balanced-match/download/balanced-match-1.0.0.tgz#89b4d199ab2bee49de164ea02b89ce462d71b767"
  integrity sha1-ibTRmasr7kneFk6gK4nORi1xt2c=

bl@^4.0.1:
  version "4.0.1"
  resolved "https://registry.npm.taobao.org/bl/download/bl-4.0.1.tgz#8c9b4fb754e80cc86463077722be7b88b4af3f42"
  integrity sha1-jJtPt1ToDMhkYwd3Ir57iLSvP0I=
  dependencies:
    readable-stream "^3.4.0"

brace-expansion@^1.1.7:
  version "1.1.11"
  resolved "https://registry.npm.taobao.org/brace-expansion/download/brace-expansion-1.1.11.tgz#3c7fcbf529d87226f3d2f52b966ff5271eb441dd"
  integrity sha1-PH/L9SnYcibz0vUrlm/1Jx60Qd0=
  dependencies:
    balanced-match "^1.0.0"
    concat-map "0.0.1"

buffer-from@^1.0.0:
  version "1.1.1"
  resolved "https://registry.npm.taobao.org/buffer-from/download/buffer-from-1.1.1.tgz#32713bc028f75c02fdb710d7c7bcec1f2c6070ef"
  integrity sha1-MnE7wCj3XAL9txDXx7zsHyxgcO8=

chownr@^1.1.1:
  version "1.1.4"
  resolved "https://registry.npm.taobao.org/chownr/download/chownr-1.1.4.tgz?cache=0&other_urls=https%3A%2F%2Fregistry.npm.taobao.org%2Fchownr%2Fdownload%2Fchownr-1.1.4.tgz#6fc9d7b42d32a583596337666e7d08084da2cc6b"
  integrity sha1-b8nXtC0ypYNZYzdmbn0ICE2izGs=

code-point-at@^1.0.0:
  version "1.1.0"
  resolved "https://registry.npm.taobao.org/code-point-at/download/code-point-at-1.1.0.tgz#0d070b4d043a5bea33a2f1a40e2edb3d9a4ccf77"
  integrity sha1-DQcLTQQ6W+ozovGkDi7bPZpMz3c=

commander@^2.19.0:
  version "2.20.3"
  resolved "https://registry.npm.taobao.org/commander/download/commander-2.20.3.tgz#fd485e84c03eb4881c20722ba48035e8531aeb33"
  integrity sha1-/UhehMA+tIgcIHIrpIA16FMa6zM=

comment-json@^3.0.2:
  version "3.0.2"
  resolved "https://registry.npm.taobao.org/comment-json/download/comment-json-3.0.2.tgz#a5652a491910e338080bcbf98fc9a37cbd7f3733"
  integrity sha1-pWUqSRkQ4zgIC8v5j8mjfL1/NzM=
  dependencies:
    core-util-is "^1.0.2"
    esprima "^4.0.1"
    has-own-prop "^2.0.0"
    repeat-string "^1.6.1"

concat-map@0.0.1:
  version "0.0.1"
  resolved "https://registry.npm.taobao.org/concat-map/download/concat-map-0.0.1.tgz#d8a96bd77fd68df7793a73036a3ba0d5405d477b"
  integrity sha1-2Klr13/Wjfd5OnMDajug1UBdR3s=

concat-stream@1.6.2:
  version "1.6.2"
  resolved "https://registry.npm.taobao.org/concat-stream/download/concat-stream-1.6.2.tgz?cache=0&other_urls=https%3A%2F%2Fregistry.npm.taobao.org%2Fconcat-stream%2Fdownload%2Fconcat-stream-1.6.2.tgz#904bdf194cd3122fc675c77fc4ac3d4ff0fd1a34"
  integrity sha1-kEvfGUzTEi/Gdcd/xKw9T/D9GjQ=
  dependencies:
    buffer-from "^1.0.0"
    inherits "^2.0.3"
    readable-stream "^2.2.2"
    typedarray "^0.0.6"

console-control-strings@^1.0.0, console-control-strings@~1.1.0:
  version "1.1.0"
  resolved "https://registry.npm.taobao.org/console-control-strings/download/console-control-strings-1.1.0.tgz#3d7cf4464db6446ea644bf4b39507f9851008e8e"
  integrity sha1-PXz0Rk22RG6mRL9LOVB/mFEAjo4=

core-util-is@^1.0.2, core-util-is@~1.0.0:
  version "1.0.2"
  resolved "https://registry.npm.taobao.org/core-util-is/download/core-util-is-1.0.2.tgz#b5fd54220aa2bc5ab57aab7140c940754503c1a7"
  integrity sha1-tf1UIgqivFq1eqtxQMlAdUUDwac=

debug@2.6.9:
  version "2.6.9"
  resolved "https://registry.npm.taobao.org/debug/download/debug-2.6.9.tgz#5d128515df134ff327e90a4c93f4e077a536341f"
  integrity sha1-XRKFFd8TT/Mn6QpMk/Tgd6U2NB8=
  dependencies:
    ms "2.0.0"

debug@4, debug@^4.1.0:
  version "4.1.1"
  resolved "https://registry.npm.taobao.org/debug/download/debug-4.1.1.tgz#3b72260255109c6b589cee050f1d516139664791"
  integrity sha1-O3ImAlUQnGtYnO4FDx1RYTlmR5E=
  dependencies:
    ms "^2.1.1"

decompress-response@^4.2.0:
  version "4.2.1"
  resolved "https://registry.npm.taobao.org/decompress-response/download/decompress-response-4.2.1.tgz#414023cc7a302da25ce2ec82d0d5238ccafd8986"
  integrity sha1-QUAjzHowLaJc4uyC0NUjjMr9iYY=
  dependencies:
    mimic-response "^2.0.0"

deep-extend@^0.6.0:
  version "0.6.0"
  resolved "https://registry.npm.taobao.org/deep-extend/download/deep-extend-0.6.0.tgz#c4fa7c95404a17a9c3e8ca7e1537312b736330ac"
  integrity sha1-xPp8lUBKF6nD6Mp+FTcxK3NjMKw=

delegates@^1.0.0:
  version "1.0.0"
  resolved "https://registry.npm.taobao.org/delegates/download/delegates-1.0.0.tgz#84c6e159b81904fdca59a0ef44cd870d31250f9a"
  integrity sha1-hMbhWbgZBP3KWaDvRM2HDTElD5o=

detect-libc@^1.0.3:
  version "1.0.3"
  resolved "https://registry.npm.taobao.org/detect-libc/download/detect-libc-1.0.3.tgz#fa137c4bd698edf55cd5cd02ac559f91a4c4ba9b"
  integrity sha1-+hN8S9aY7fVc1c0CrFWfkaTEups=

discontinuous-range@1.0.0:
  version "1.0.0"
  resolved "https://registry.npm.taobao.org/discontinuous-range/download/discontinuous-range-1.0.0.tgz#e38331f0844bba49b9a9cb71c771585aab1bc65a"
  integrity sha1-44Mx8IRLukm5qctxx3FYWqsbxlo=

end-of-stream@^1.1.0, end-of-stream@^1.4.1:
  version "1.4.4"
  resolved "https://registry.npm.taobao.org/end-of-stream/download/end-of-stream-1.4.4.tgz#5ae64a5f45057baf3626ec14da0ca5e4b2431eb0"
  integrity sha1-WuZKX0UFe682JuwU2gyl5LJDHrA=
  dependencies:
    once "^1.4.0"

esprima@^4.0.1:
  version "4.0.1"
  resolved "https://registry.npm.taobao.org/esprima/download/esprima-4.0.1.tgz#13b04cdb3e6c5d19df91ab6987a8695619b0aa71"
  integrity sha1-E7BM2z5sXRnfkatph6hpVhmwqnE=

expand-template@^2.0.3:
  version "2.0.3"
  resolved "https://registry.npm.taobao.org/expand-template/download/expand-template-2.0.3.tgz#6e14b3fcee0f3a6340ecb57d2e8918692052a47c"
  integrity sha1-bhSz/O4POmNA7LV9LokYaSBSpHw=

extract-zip@^1.6.6:
  version "1.6.7"
  resolved "https://registry.npm.taobao.org/extract-zip/download/extract-zip-1.6.7.tgz#a840b4b8af6403264c8db57f4f1a74333ef81fe9"
  integrity sha1-qEC0uK9kAyZMjbV/Txp0Mz74H+k=
  dependencies:
    concat-stream "1.6.2"
    debug "2.6.9"
    mkdirp "0.5.1"
    yauzl "2.4.1"

fd-slicer@~1.0.1:
  version "1.0.1"
  resolved "https://registry.npm.taobao.org/fd-slicer/download/fd-slicer-1.0.1.tgz#8b5bcbd9ec327c5041bf9ab023fd6750f1177e65"
  integrity sha1-i1vL2ewyfFBBv5qwI/1nUPEXfmU=
  dependencies:
    pend "~1.2.0"

fs-constants@^1.0.0:
  version "1.0.0"
  resolved "https://registry.npm.taobao.org/fs-constants/download/fs-constants-1.0.0.tgz#6be0de9be998ce16af8afc24497b9ee9b7ccd9ad"
  integrity sha1-a+Dem+mYzhavivwkSXue6bfM2a0=

fs.realpath@^1.0.0:
  version "1.0.0"
  resolved "https://registry.npm.taobao.org/fs.realpath/download/fs.realpath-1.0.0.tgz#1504ad2523158caa40db4a2787cb01411994ea4f"
  integrity sha1-FQStJSMVjKpA20onh8sBQRmU6k8=

gauge@~2.7.3:
  version "2.7.4"
  resolved "https://registry.npm.taobao.org/gauge/download/gauge-2.7.4.tgz#2c03405c7538c39d7eb37b317022e325fb018bf7"
  integrity sha1-LANAXHU4w51+s3sxcCLjJfsBi/c=
  dependencies:
    aproba "^1.0.3"
    console-control-strings "^1.0.0"
    has-unicode "^2.0.0"
    object-assign "^4.1.0"
    signal-exit "^3.0.0"
    string-width "^1.0.1"
    strip-ansi "^3.0.1"
    wide-align "^1.1.0"

github-from-package@0.0.0:
  version "0.0.0"
  resolved "https://registry.npm.taobao.org/github-from-package/download/github-from-package-0.0.0.tgz#97fb5d96bfde8973313f20e8288ef9a167fa64ce"
  integrity sha1-l/tdlr/eiXMxPyDoKI75oWf6ZM4=

glob@^7.1.3:
  version "7.1.6"
  resolved "https://registry.npm.taobao.org/glob/download/glob-7.1.6.tgz#141f33b81a7c2492e125594307480c46679278a6"
  integrity sha1-FB8zuBp8JJLhJVlDB0gMRmeSeKY=
  dependencies:
    fs.realpath "^1.0.0"
    inflight "^1.0.4"
    inherits "2"
    minimatch "^3.0.4"
    once "^1.3.0"
    path-is-absolute "^1.0.0"

has-own-prop@^2.0.0:
  version "2.0.0"
  resolved "https://registry.npm.taobao.org/has-own-prop/download/has-own-prop-2.0.0.tgz#f0f95d58f65804f5d218db32563bb85b8e0417af"
  integrity sha1-8PldWPZYBPXSGNsyVju4W44EF68=

has-unicode@^2.0.0:
  version "2.0.1"
  resolved "https://registry.npm.taobao.org/has-unicode/download/has-unicode-2.0.1.tgz#e0e6fe6a28cf51138855e086d1691e771de2a8b9"
  integrity sha1-4Ob+aijPUROIVeCG0Wkedx3iqLk=

https-proxy-agent@^4.0.0:
  version "4.0.0"
  resolved "https://registry.npm.taobao.org/https-proxy-agent/download/https-proxy-agent-4.0.0.tgz?cache=0&other_urls=https%3A%2F%2Fregistry.npm.taobao.org%2Fhttps-proxy-agent%2Fdownload%2Fhttps-proxy-agent-4.0.0.tgz#702b71fb5520a132a66de1f67541d9e62154d82b"
  integrity sha1-cCtx+1UgoTKmbeH2dUHZ5iFU2Cs=
  dependencies:
    agent-base "5"
    debug "4"

humps@^2.0.1:
  version "2.0.1"
  resolved "https://registry.npm.taobao.org/humps/download/humps-2.0.1.tgz#dd02ea6081bd0568dc5d073184463957ba9ef9aa"
  integrity sha1-3QLqYIG9BWjcXQcxhEY5V7qe+ao=

inflight@^1.0.4:
  version "1.0.6"
  resolved "https://registry.npm.taobao.org/inflight/download/inflight-1.0.6.tgz#49bd6331d7d02d0c09bc910a1075ba8165b56df9"
  integrity sha1-Sb1jMdfQLQwJvJEKEHW6gWW1bfk=
  dependencies:
    once "^1.3.0"
    wrappy "1"

inherits@2, inherits@^2.0.3, inherits@~2.0.3:
  version "2.0.4"
  resolved "https://registry.npm.taobao.org/inherits/download/inherits-2.0.4.tgz?cache=0&other_urls=https%3A%2F%2Fregistry.npm.taobao.org%2Finherits%2Fdownload%2Finherits-2.0.4.tgz#0fa2c64f932917c3433a0ded55363aae37416b7c"
  integrity sha1-D6LGT5MpF8NDOg3tVTY6rjdBa3w=

ini@~1.3.0:
  version "1.3.8"
  resolved "https://registry.yarnpkg.com/ini/-/ini-1.3.8.tgz#a29da425b48806f34767a4efce397269af28432c"
  integrity sha512-JV/yugV2uzW5iMRSiZAyDtQd+nxtUnjeLt0acNdw98kKLrvuRVyB80tsREOE7yvGVgalhZ6RNXCmEHkUKBKxew==

is-fullwidth-code-point@^1.0.0:
  version "1.0.0"
  resolved "https://registry.npm.taobao.org/is-fullwidth-code-point/download/is-fullwidth-code-point-1.0.0.tgz#ef9e31386f031a7f0d643af82fde50c457ef00cb"
  integrity sha1-754xOG8DGn8NZDr4L95QxFfvAMs=
  dependencies:
    number-is-nan "^1.0.0"

is-fullwidth-code-point@^2.0.0:
  version "2.0.0"
  resolved "https://registry.npm.taobao.org/is-fullwidth-code-point/download/is-fullwidth-code-point-2.0.0.tgz#a3b30a5c4f199183167aaab93beefae3ddfb654f"
  integrity sha1-o7MKXE8ZkYMWeqq5O+764937ZU8=

isarray@~1.0.0:
  version "1.0.0"
  resolved "https://registry.npm.taobao.org/isarray/download/isarray-1.0.0.tgz?cache=0&sync_timestamp=1562592096220&other_urls=https%3A%2F%2Fregistry.npm.taobao.org%2Fisarray%2Fdownload%2Fisarray-1.0.0.tgz#bb935d48582cba168c06834957a54a3e07124f11"
  integrity sha1-u5NdSFgsuhaMBoNJV6VKPgcSTxE=

mime-db@1.43.0:
  version "1.43.0"
  resolved "https://registry.npm.taobao.org/mime-db/download/mime-db-1.43.0.tgz?cache=0&sync_timestamp=1578281193492&other_urls=https%3A%2F%2Fregistry.npm.taobao.org%2Fmime-db%2Fdownload%2Fmime-db-1.43.0.tgz#0a12e0502650e473d735535050e7c8f4eb4fae58"
  integrity sha1-ChLgUCZQ5HPXNVNQUOfI9OtPrlg=

mime-types@^2.1.25:
  version "2.1.26"
  resolved "https://registry.npm.taobao.org/mime-types/download/mime-types-2.1.26.tgz?cache=0&sync_timestamp=1578282566609&other_urls=https%3A%2F%2Fregistry.npm.taobao.org%2Fmime-types%2Fdownload%2Fmime-types-2.1.26.tgz#9c921fc09b7e149a65dfdc0da4d20997200b0a06"
  integrity sha1-nJIfwJt+FJpl39wNpNIJlyALCgY=
  dependencies:
    mime-db "1.43.0"

mime@^2.0.3:
  version "2.4.4"
  resolved "https://registry.npm.taobao.org/mime/download/mime-2.4.4.tgz?cache=0&sync_timestamp=1560034758817&other_urls=https%3A%2F%2Fregistry.npm.taobao.org%2Fmime%2Fdownload%2Fmime-2.4.4.tgz#bd7b91135fc6b01cde3e9bae33d659b63d8857e5"
  integrity sha1-vXuRE1/GsBzePpuuM9ZZtj2IV+U=

mimic-response@^2.0.0:
  version "2.1.0"
  resolved "https://registry.npm.taobao.org/mimic-response/download/mimic-response-2.1.0.tgz?cache=0&other_urls=https%3A%2F%2Fregistry.npm.taobao.org%2Fmimic-response%2Fdownload%2Fmimic-response-2.1.0.tgz#d13763d35f613d09ec37ebb30bac0469c0ee8f43"
  integrity sha1-0Tdj019hPQnsN+uzC6wEacDuj0M=

minimatch@^3.0.4:
  version "3.0.4"
  resolved "https://registry.npm.taobao.org/minimatch/download/minimatch-3.0.4.tgz#5166e286457f03306064be5497e8dbb0c3d32083"
  integrity sha1-UWbihkV/AzBgZL5Ul+jbsMPTIIM=
  dependencies:
    brace-expansion "^1.1.7"

minimist@0.0.8:
  version "0.0.8"
  resolved "https://registry.npm.taobao.org/minimist/download/minimist-0.0.8.tgz#857fcabfc3397d2625b8228262e86aa7a011b05d"
  integrity sha1-hX/Kv8M5fSYluCKCYuhqp6ARsF0=

minimist@^1.2.0:
  version "1.2.0"
  resolved "https://registry.npm.taobao.org/minimist/download/minimist-1.2.0.tgz#a35008b20f41383eec1fb914f4cd5df79a264284"
  integrity sha1-o1AIsg9BOD7sH7kU9M1d95omQoQ=

mkdirp@0.5.1, mkdirp@^0.5.1:
  version "0.5.1"
  resolved "https://registry.npm.taobao.org/mkdirp/download/mkdirp-0.5.1.tgz#30057438eac6cf7f8c4767f38648d6697d75c903"
  integrity sha1-MAV0OOrGz3+MR2fzhkjWaX11yQM=
  dependencies:
    minimist "0.0.8"

moo@^0.4.3:
  version "0.4.3"
  resolved "https://registry.npm.taobao.org/moo/download/moo-0.4.3.tgz#3f847a26f31cf625a956a87f2b10fbc013bfd10e"
  integrity sha1-P4R6JvMc9iWpVqh/KxD7wBO/0Q4=

moo@^0.5.0:
  version "0.5.1"
  resolved "https://registry.npm.taobao.org/moo/download/moo-0.5.1.tgz#7aae7f384b9b09f620b6abf6f74ebbcd1b65dbc4"
  integrity sha1-eq5/OEubCfYgtqv29067zRtl28Q=

ms@2.0.0:
  version "2.0.0"
  resolved "https://registry.npm.taobao.org/ms/download/ms-2.0.0.tgz#5608aeadfc00be6c2901df5f9861788de0d597c8"
  integrity sha1-VgiurfwAvmwpAd9fmGF4jeDVl8g=

ms@^2.1.1:
  version "2.1.2"
  resolved "https://registry.npm.taobao.org/ms/download/ms-2.1.2.tgz#d09d1f357b443f493382a8eb3ccd183872ae6009"
  integrity sha1-0J0fNXtEP0kzgqjrPM0YOHKuYAk=

nan@^2.14.0:
  version "2.14.0"
  resolved "https://registry.npm.taobao.org/nan/download/nan-2.14.0.tgz#7818f722027b2459a86f0295d434d1fc2336c52c"
  integrity sha1-eBj3IgJ7JFmobwKV1DTR/CM2xSw=

napi-build-utils@^1.0.1:
  version "1.0.2"
  resolved "https://registry.npm.taobao.org/napi-build-utils/download/napi-build-utils-1.0.2.tgz?cache=0&sync_timestamp=1583448518929&other_urls=https%3A%2F%2Fregistry.npm.taobao.org%2Fnapi-build-utils%2Fdownload%2Fnapi-build-utils-1.0.2.tgz#b1fddc0b2c46e380a0b7a76f984dd47c41a13806"
  integrity sha1-sf3cCyxG44Cgt6dvmE3UfEGhOAY=

nearley@^2.13.0:
  version "2.19.1"
  resolved "https://registry.npm.taobao.org/nearley/download/nearley-2.19.1.tgz#4af4006e16645ff800e9f993c3af039857d9dbdc"
  integrity sha1-SvQAbhZkX/gA6fmTw68DmFfZ29w=
  dependencies:
    commander "^2.19.0"
    moo "^0.5.0"
    railroad-diagrams "^1.0.0"
    randexp "0.4.6"
    semver "^5.4.1"

node-abi@^2.13.0, node-abi@^2.7.0:
  version "2.15.0"
  resolved "https://registry.npm.taobao.org/node-abi/download/node-abi-2.15.0.tgz#51d55cc711bd9e4a24a572ace13b9231945ccb10"
  integrity sha1-UdVcxxG9nkokpXKs4TuSMZRcyxA=
  dependencies:
    semver "^5.4.1"

noop-logger@^0.1.1:
  version "0.1.1"
  resolved "https://registry.npm.taobao.org/noop-logger/download/noop-logger-0.1.1.tgz#94a2b1633c4f1317553007d8966fd0e841b6a4c2"
  integrity sha1-lKKxYzxPExdVMAfYlm/Q6EG2pMI=

npmlog@^4.0.1:
  version "4.1.2"
  resolved "https://registry.npm.taobao.org/npmlog/download/npmlog-4.1.2.tgz#08a7f2a8bf734604779a9efa4ad5cc717abb954b"
  integrity sha1-CKfyqL9zRgR3mp76StXMcXq7lUs=
  dependencies:
    are-we-there-yet "~1.1.2"
    console-control-strings "~1.1.0"
    gauge "~2.7.3"
    set-blocking "~2.0.0"

number-is-nan@^1.0.0:
  version "1.0.1"
  resolved "https://registry.npm.taobao.org/number-is-nan/download/number-is-nan-1.0.1.tgz?cache=0&sync_timestamp=1581061562193&other_urls=https%3A%2F%2Fregistry.npm.taobao.org%2Fnumber-is-nan%2Fdownload%2Fnumber-is-nan-1.0.1.tgz#097b602b53422a522c1afb8790318336941a011d"
  integrity sha1-CXtgK1NCKlIsGvuHkDGDNpQaAR0=

object-assign@^4.1.0:
  version "4.1.1"
  resolved "https://registry.npm.taobao.org/object-assign/download/object-assign-4.1.1.tgz#2109adc7965887cfc05cbbd442cac8bfbb360863"
  integrity sha1-IQmtx5ZYh8/AXLvUQsrIv7s2CGM=

once@^1.3.0, once@^1.3.1, once@^1.4.0:
  version "1.4.0"
  resolved "https://registry.npm.taobao.org/once/download/once-1.4.0.tgz#583b1aa775961d4b113ac17d9c50baef9dd76bd1"
  integrity sha1-WDsap3WWHUsROsF9nFC6753Xa9E=
  dependencies:
    wrappy "1"

path-is-absolute@^1.0.0:
  version "1.0.1"
  resolved "https://registry.npm.taobao.org/path-is-absolute/download/path-is-absolute-1.0.1.tgz#174b9268735534ffbc7ace6bf53a5a9e1b5c5f5f"
  integrity sha1-F0uSaHNVNP+8es5r9TpanhtcX18=

pend@~1.2.0:
  version "1.2.0"
  resolved "https://registry.npm.taobao.org/pend/download/pend-1.2.0.tgz#7a57eb550a6783f9115331fcf4663d5c8e007a50"
  integrity sha1-elfrVQpng/kRUzH89GY9XI4AelA=

prebuild-install@^5.3.3:
  version "5.3.3"
  resolved "https://registry.npm.taobao.org/prebuild-install/download/prebuild-install-5.3.3.tgz?cache=0&sync_timestamp=1572829606234&other_urls=https%3A%2F%2Fregistry.npm.taobao.org%2Fprebuild-install%2Fdownload%2Fprebuild-install-5.3.3.tgz#ef4052baac60d465f5ba6bf003c9c1de79b9da8e"
  integrity sha1-70BSuqxg1GX1umvwA8nB3nm52o4=
  dependencies:
    detect-libc "^1.0.3"
    expand-template "^2.0.3"
    github-from-package "0.0.0"
    minimist "^1.2.0"
    mkdirp "^0.5.1"
    napi-build-utils "^1.0.1"
    node-abi "^2.7.0"
    noop-logger "^0.1.1"
    npmlog "^4.0.1"
    pump "^3.0.0"
    rc "^1.2.7"
    simple-get "^3.0.3"
    tar-fs "^2.0.0"
    tunnel-agent "^0.6.0"
    which-pm-runs "^1.0.0"

process-nextick-args@~2.0.0:
  version "2.0.1"
  resolved "https://registry.npm.taobao.org/process-nextick-args/download/process-nextick-args-2.0.1.tgz#7820d9b16120cc55ca9ae7792680ae7dba6d7fe2"
  integrity sha1-eCDZsWEgzFXKmud5JoCufbptf+I=

progress@^2.0.1:
  version "2.0.3"
  resolved "https://registry.npm.taobao.org/progress/download/progress-2.0.3.tgz#7e8cf8d8f5b8f239c1bc68beb4eb78567d572ef8"
  integrity sha1-foz42PW48jnBvGi+tOt4Vn1XLvg=

proxy-from-env@^1.0.0:
  version "1.1.0"
  resolved "https://registry.npm.taobao.org/proxy-from-env/download/proxy-from-env-1.1.0.tgz?cache=0&sync_timestamp=1583293205993&other_urls=https%3A%2F%2Fregistry.npm.taobao.org%2Fproxy-from-env%2Fdownload%2Fproxy-from-env-1.1.0.tgz#e102f16ca355424865755d2c9e8ea4f24d58c3e2"
  integrity sha1-4QLxbKNVQkhldV0sno6k8k1Yw+I=

pump@^3.0.0:
  version "3.0.0"
  resolved "https://registry.npm.taobao.org/pump/download/pump-3.0.0.tgz#b4a2116815bde2f4e1ea602354e8c75565107a64"
  integrity sha1-tKIRaBW94vTh6mAjVOjHVWUQemQ=
  dependencies:
    end-of-stream "^1.1.0"
    once "^1.3.1"

puppeteer@^2.1.1:
  version "2.1.1"
  resolved "https://registry.npm.taobao.org/puppeteer/download/puppeteer-2.1.1.tgz#ccde47c2a688f131883b50f2d697bd25189da27e"
  integrity sha1-zN5HwqaI8TGIO1Dy1pe9JRidon4=
  dependencies:
    "@types/mime-types" "^2.1.0"
    debug "^4.1.0"
    extract-zip "^1.6.6"
    https-proxy-agent "^4.0.0"
    mime "^2.0.3"
    mime-types "^2.1.25"
    progress "^2.0.1"
    proxy-from-env "^1.0.0"
    rimraf "^2.6.1"
    ws "^6.1.0"

railroad-diagrams@^1.0.0:
  version "1.0.0"
  resolved "https://registry.npm.taobao.org/railroad-diagrams/download/railroad-diagrams-1.0.0.tgz#eb7e6267548ddedfb899c1b90e57374559cddb7e"
  integrity sha1-635iZ1SN3t+4mcG5Dlc3RVnN234=

randexp@0.4.6:
  version "0.4.6"
  resolved "https://registry.npm.taobao.org/randexp/download/randexp-0.4.6.tgz#e986ad5e5e31dae13ddd6f7b3019aa7c87f60ca3"
  integrity sha1-6YatXl4x2uE93W97MBmqfIf2DKM=
  dependencies:
    discontinuous-range "1.0.0"
    ret "~0.1.10"

rc@^1.2.7:
  version "1.2.8"
  resolved "https://registry.npm.taobao.org/rc/download/rc-1.2.8.tgz#cd924bf5200a075b83c188cd6b9e211b7fc0d3ed"
  integrity sha1-zZJL9SAKB1uDwYjNa54hG3/A0+0=
  dependencies:
    deep-extend "^0.6.0"
    ini "~1.3.0"
    minimist "^1.2.0"
    strip-json-comments "~2.0.1"

readable-stream@^2.0.6, readable-stream@^2.2.2:
  version "2.3.7"
  resolved "https://registry.npm.taobao.org/readable-stream/download/readable-stream-2.3.7.tgz?cache=0&sync_timestamp=1581622984924&other_urls=https%3A%2F%2Fregistry.npm.taobao.org%2Freadable-stream%2Fdownload%2Freadable-stream-2.3.7.tgz#1eca1cf711aef814c04f62252a36a62f6cb23b57"
  integrity sha1-Hsoc9xGu+BTAT2IlKjamL2yyO1c=
  dependencies:
    core-util-is "~1.0.0"
    inherits "~2.0.3"
    isarray "~1.0.0"
    process-nextick-args "~2.0.0"
    safe-buffer "~5.1.1"
    string_decoder "~1.1.1"
    util-deprecate "~1.0.1"

readable-stream@^3.1.1, readable-stream@^3.4.0:
  version "3.6.0"
  resolved "https://registry.npm.taobao.org/readable-stream/download/readable-stream-3.6.0.tgz?cache=0&sync_timestamp=1581622984924&other_urls=https%3A%2F%2Fregistry.npm.taobao.org%2Freadable-stream%2Fdownload%2Freadable-stream-3.6.0.tgz#337bbda3adc0706bd3e024426a286d4b4b2c9198"
  integrity sha1-M3u9o63AcGvT4CRCaihtS0sskZg=
  dependencies:
    inherits "^2.0.3"
    string_decoder "^1.1.1"
    util-deprecate "^1.0.1"

repeat-string@^1.6.1:
  version "1.6.1"
  resolved "https://registry.npm.taobao.org/repeat-string/download/repeat-string-1.6.1.tgz#8dcae470e1c88abc2d600fff4a776286da75e637"
  integrity sha1-jcrkcOHIirwtYA//Sndihtp15jc=

ret@~0.1.10:
  version "0.1.15"
  resolved "https://registry.npm.taobao.org/ret/download/ret-0.1.15.tgz#b8a4825d5bdb1fc3f6f53c2bc33f81388681c7bc"
  integrity sha1-uKSCXVvbH8P29Twrwz+BOIaBx7w=

rimraf@^2.6.1:
  version "2.7.1"
  resolved "https://registry.npm.taobao.org/rimraf/download/rimraf-2.7.1.tgz?cache=0&sync_timestamp=1581257110269&other_urls=https%3A%2F%2Fregistry.npm.taobao.org%2Frimraf%2Fdownload%2Frimraf-2.7.1.tgz#35797f13a7fdadc566142c29d4f07ccad483e3ec"
  integrity sha1-NXl/E6f9rcVmFCwp1PB8ytSD4+w=
  dependencies:
    glob "^7.1.3"

robotjs@~0.6.0:
  version "0.6.0"
  resolved "https://registry.npm.taobao.org/robotjs/download/robotjs-0.6.0.tgz#8d1f63221f5b18dc496c7768f75261043891f64a"
  integrity sha1-jR9jIh9bGNxJbHdo91JhBDiR9ko=
  dependencies:
    nan "^2.14.0"
    node-abi "^2.13.0"
    prebuild-install "^5.3.3"

safe-buffer@^5.0.1, safe-buffer@~5.2.0:
  version "5.2.0"
  resolved "https://registry.npm.taobao.org/safe-buffer/download/safe-buffer-5.2.0.tgz#b74daec49b1148f88c64b68d49b1e815c1f2f519"
  integrity sha1-t02uxJsRSPiMZLaNSbHoFcHy9Rk=

safe-buffer@~5.1.0, safe-buffer@~5.1.1:
  version "5.1.2"
  resolved "https://registry.npm.taobao.org/safe-buffer/download/safe-buffer-5.1.2.tgz#991ec69d296e0313747d59bdfd2b745c35f8828d"
  integrity sha1-mR7GnSluAxN0fVm9/St0XDX4go0=

screenz@^1.0.0:
  version "1.0.0"
  resolved "https://registry.npm.taobao.org/screenz/download/screenz-1.0.0.tgz#9e59fe161f1744416036f0171c716faf3d891d2b"
  integrity sha1-nln+Fh8XREFgNvAXHHFvrz2JHSs=
  dependencies:
    robotjs "~0.6.0"

semver@^5.4.1:
  version "5.7.1"
  resolved "https://registry.npm.taobao.org/semver/download/semver-5.7.1.tgz#a954f931aeba508d307bbf069eff0c01c96116f7"
  integrity sha1-qVT5Ma66UI0we78Gnv8MAclhFvc=

set-blocking@~2.0.0:
  version "2.0.0"
  resolved "https://registry.npm.taobao.org/set-blocking/download/set-blocking-2.0.0.tgz#045f9782d011ae9a6803ddd382b24392b3d890f7"
  integrity sha1-BF+XgtARrppoA93TgrJDkrPYkPc=

signal-exit@^3.0.0:
  version "3.0.2"
  resolved "https://registry.npm.taobao.org/signal-exit/download/signal-exit-3.0.2.tgz#b5fdc08f1287ea1178628e415e25132b73646c6d"
  integrity sha1-tf3AjxKH6hF4Yo5BXiUTK3NkbG0=

simple-concat@^1.0.0:
  version "1.0.0"
  resolved "https://registry.npm.taobao.org/simple-concat/download/simple-concat-1.0.0.tgz#7344cbb8b6e26fb27d66b2fc86f9f6d5997521c6"
  integrity sha1-c0TLuLbib7J9ZrL8hvn21Zl1IcY=

simple-get@^3.0.3:
  version "3.1.0"
  resolved "https://registry.npm.taobao.org/simple-get/download/simple-get-3.1.0.tgz?cache=0&other_urls=https%3A%2F%2Fregistry.npm.taobao.org%2Fsimple-get%2Fdownload%2Fsimple-get-3.1.0.tgz#b45be062435e50d159540b576202ceec40b9c6b3"
  integrity sha1-tFvgYkNeUNFZVAtXYgLO7EC5xrM=
  dependencies:
    decompress-response "^4.2.0"
    once "^1.3.1"
    simple-concat "^1.0.0"

sql-ddl-to-json-schema@^3.1.2:
  version "3.1.2"
  resolved "https://registry.npm.taobao.org/sql-ddl-to-json-schema/download/sql-ddl-to-json-schema-3.1.2.tgz#f2a56be3d3cb828526339bcbf1acee882aec9beb"
  integrity sha1-8qVr49PLgoUmM5vL8azuiCrsm+s=
  dependencies:
    moo "^0.4.3"
    nearley "^2.13.0"

string-width@^1.0.1:
  version "1.0.2"
  resolved "https://registry.npm.taobao.org/string-width/download/string-width-1.0.2.tgz#118bdf5b8cdc51a2a7e70d211e07e2b0b9b107d3"
  integrity sha1-EYvfW4zcUaKn5w0hHgfisLmxB9M=
  dependencies:
    code-point-at "^1.0.0"
    is-fullwidth-code-point "^1.0.0"
    strip-ansi "^3.0.0"

"string-width@^1.0.2 || 2":
  version "2.1.1"
  resolved "https://registry.npm.taobao.org/string-width/download/string-width-2.1.1.tgz#ab93f27a8dc13d28cac815c462143a6d9012ae9e"
  integrity sha1-q5Pyeo3BPSjKyBXEYhQ6bZASrp4=
  dependencies:
    is-fullwidth-code-point "^2.0.0"
    strip-ansi "^4.0.0"

string_decoder@^1.1.1:
  version "1.3.0"
  resolved "https://registry.npm.taobao.org/string_decoder/download/string_decoder-1.3.0.tgz#42f114594a46cf1a8e30b0a84f56c78c3edac21e"
  integrity sha1-QvEUWUpGzxqOMLCoT1bHjD7awh4=
  dependencies:
    safe-buffer "~5.2.0"

string_decoder@~1.1.1:
  version "1.1.1"
  resolved "https://registry.npm.taobao.org/string_decoder/download/string_decoder-1.1.1.tgz#9cf1611ba62685d7030ae9e4ba34149c3af03fc8"
  integrity sha1-nPFhG6YmhdcDCunkujQUnDrwP8g=
  dependencies:
    safe-buffer "~5.1.0"

strip-ansi@^3.0.0, strip-ansi@^3.0.1:
  version "3.0.1"
  resolved "https://registry.npm.taobao.org/strip-ansi/download/strip-ansi-3.0.1.tgz?cache=0&sync_timestamp=1573280518303&other_urls=https%3A%2F%2Fregistry.npm.taobao.org%2Fstrip-ansi%2Fdownload%2Fstrip-ansi-3.0.1.tgz#6a385fb8853d952d5ff05d0e8aaf94278dc63dcf"
  integrity sha1-ajhfuIU9lS1f8F0Oiq+UJ43GPc8=
  dependencies:
    ansi-regex "^2.0.0"

strip-ansi@^4.0.0:
  version "4.0.0"
  resolved "https://registry.npm.taobao.org/strip-ansi/download/strip-ansi-4.0.0.tgz?cache=0&sync_timestamp=1573280518303&other_urls=https%3A%2F%2Fregistry.npm.taobao.org%2Fstrip-ansi%2Fdownload%2Fstrip-ansi-4.0.0.tgz#a8479022eb1ac368a871389b635262c505ee368f"
  integrity sha1-qEeQIusaw2iocTibY1JixQXuNo8=
  dependencies:
    ansi-regex "^3.0.0"

strip-json-comments@~2.0.1:
  version "2.0.1"
  resolved "https://registry.npm.taobao.org/strip-json-comments/download/strip-json-comments-2.0.1.tgz?cache=0&other_urls=https%3A%2F%2Fregistry.npm.taobao.org%2Fstrip-json-comments%2Fdownload%2Fstrip-json-comments-2.0.1.tgz#3c531942e908c2697c0ec344858c286c7ca0a60a"
  integrity sha1-PFMZQukIwml8DsNEhYwobHygpgo=

tar-fs@^2.0.0:
  version "2.0.0"
  resolved "https://registry.npm.taobao.org/tar-fs/download/tar-fs-2.0.0.tgz#677700fc0c8b337a78bee3623fdc235f21d7afad"
  integrity sha1-Z3cA/AyLM3p4vuNiP9wjXyHXr60=
  dependencies:
    chownr "^1.1.1"
    mkdirp "^0.5.1"
    pump "^3.0.0"
    tar-stream "^2.0.0"

tar-stream@^2.0.0:
  version "2.1.1"
  resolved "https://registry.npm.taobao.org/tar-stream/download/tar-stream-2.1.1.tgz?cache=0&sync_timestamp=1583402151749&other_urls=https%3A%2F%2Fregistry.npm.taobao.org%2Ftar-stream%2Fdownload%2Ftar-stream-2.1.1.tgz#e188b1dd74b940b9efc4a832a9a2dc957845937c"
  integrity sha1-4Yix3XS5QLnvxKgyqaLclXhFk3w=
  dependencies:
    bl "^4.0.1"
    end-of-stream "^1.4.1"
    fs-constants "^1.0.0"
    inherits "^2.0.3"
    readable-stream "^3.1.1"

tunnel-agent@^0.6.0:
  version "0.6.0"
  resolved "https://registry.npm.taobao.org/tunnel-agent/download/tunnel-agent-0.6.0.tgz#27a5dea06b36b04a0a9966774b290868f0fc40fd"
  integrity sha1-J6XeoGs2sEoKmWZ3SykIaPD8QP0=
  dependencies:
    safe-buffer "^5.0.1"

typedarray@^0.0.6:
  version "0.0.6"
  resolved "https://registry.npm.taobao.org/typedarray/download/typedarray-0.0.6.tgz#867ac74e3864187b1d3d47d996a78ec5c8830777"
  integrity sha1-hnrHTjhkGHsdPUfZlqeOxciDB3c=

util-deprecate@^1.0.1, util-deprecate@~1.0.1:
  version "1.0.2"
  resolved "https://registry.npm.taobao.org/util-deprecate/download/util-deprecate-1.0.2.tgz#450d4dc9fa70de732762fbd2d4a28981419a0ccf"
  integrity sha1-RQ1Nyfpw3nMnYvvS1KKJgUGaDM8=

which-pm-runs@^1.0.0:
  version "1.0.0"
  resolved "https://registry.npm.taobao.org/which-pm-runs/download/which-pm-runs-1.0.0.tgz#670b3afbc552e0b55df6b7780ca74615f23ad1cb"
  integrity sha1-Zws6+8VS4LVd9rd4DKdGFfI60cs=

wide-align@^1.1.0:
  version "1.1.3"
  resolved "https://registry.npm.taobao.org/wide-align/download/wide-align-1.1.3.tgz#ae074e6bdc0c14a431e804e624549c633b000457"
  integrity sha1-rgdOa9wMFKQx6ATmJFScYzsABFc=
  dependencies:
    string-width "^1.0.2 || 2"

wrappy@1:
  version "1.0.2"
  resolved "https://registry.npm.taobao.org/wrappy/download/wrappy-1.0.2.tgz#b5243d8f3ec1aa35f1364605bc0d1036e30ab69f"
  integrity sha1-tSQ9jz7BqjXxNkYFvA0QNuMKtp8=

ws@^6.1.0:
  version "6.2.1"
  resolved "https://registry.npm.taobao.org/ws/download/ws-6.2.1.tgz#442fdf0a47ed64f59b6a5d8ff130f4748ed524fb"
  integrity sha1-RC/fCkftZPWbal2P8TD0dI7VJPs=
  dependencies:
    async-limiter "~1.0.0"

yauzl@2.4.1:
  version "2.4.1"
  resolved "https://registry.npm.taobao.org/yauzl/download/yauzl-2.4.1.tgz#9528f442dab1b2284e58b4379bb194e22e0c4005"
  integrity sha1-lSj0QtqxsihOWLQ3m7GU4i4MQAU=
  dependencies:
    fd-slicer "~1.0.1"
